
Microsoft Visual Studio Solution File, Format Version 12.00
# Visual Studio Version 17
VisualStudioVersion = 17.5.33414.496
MinimumVisualStudioVersion = 10.0.40219.1
Project("{FAE04EC0-301F-11D3-BF4B-00C04F79EFBC}") = "lb8", "lb8\lb8.csproj", "{D3ADEF49-D9C6-4140-A994-6B8C47ECE1EB}"
EndProject
Global
	GlobalSection(SolutionConfigurationPlatforms) = preSolution
		Debug|Any CPU = Debug|Any CPU
		Release|Any CPU = Release|Any CPU
	EndGlobalSection
	GlobalSection(ProjectConfigurationPlatforms) = postSolution
		{D3ADEF49-D9C6-4140-A994-6B8C47ECE1EB}.Debug|Any CPU.ActiveCfg = Debug|Any CPU
		{D3ADEF49-D9C6-4140-A994-6B8C47ECE1EB}.Debug|Any CPU.Build.0 = Debug|Any CPU
		{D3ADEF49-D9C6-4140-A994-6B8C47ECE1EB}.Release|Any CPU.ActiveCfg = Release|Any CPU
		{D3ADEF49-D9C6-4140-A994-6B8C47ECE1EB}.Release|Any CPU.Build.0 = Release|Any CPU
	EndGlobalSection
	GlobalSection(SolutionProperties) = preSolution
		HideSolutionNode = FALSE
	EndGlobalSection
	GlobalSection(ExtensibilityGlobals) = postSolution
		SolutionGuid = {2FD709D3-278A-4261-B3CA-5CD8201DE733}
	EndGlobalSection
EndGlobal
