
Microsoft Visual Studio Solution File, Format Version 12.00
# Visual Studio Version 17
VisualStudioVersion = 17.4.33213.308
MinimumVisualStudioVersion = 10.0.40219.1
Project("{FAE04EC0-301F-11D3-BF4B-00C04F79EFBC}") = "_253505_Alkhovik", "_253505_Alkhovik\_253505_Alkhovik.csproj", "{EE3810F7-F1C9-4F9C-987C-7F6CFCC18889}"
EndProject
Global
	GlobalSection(SolutionConfigurationPlatforms) = preSolution
		Debug|Any CPU = Debug|Any CPU
		Release|Any CPU = Release|Any CPU
	EndGlobalSection
	GlobalSection(ProjectConfigurationPlatforms) = postSolution
		{EE3810F7-F1C9-4F9C-987C-7F6CFCC18889}.Debug|Any CPU.ActiveCfg = Debug|Any CPU
		{EE3810F7-F1C9-4F9C-987C-7F6CFCC18889}.Debug|Any CPU.Build.0 = Debug|Any CPU
		{EE3810F7-F1C9-4F9C-987C-7F6CFCC18889}.Release|Any CPU.ActiveCfg = Release|Any CPU
		{EE3810F7-F1C9-4F9C-987C-7F6CFCC18889}.Release|Any CPU.Build.0 = Release|Any CPU
	EndGlobalSection
	GlobalSection(SolutionProperties) = preSolution
		HideSolutionNode = FALSE
	EndGlobalSection
	GlobalSection(ExtensibilityGlobals) = postSolution
		SolutionGuid = {91656A5E-68EE-4363-AEC7-3133584C26BC}
	EndGlobalSection
EndGlobal
