
Microsoft Visual Studio Solution File, Format Version 12.00
# Visual Studio Version 17
VisualStudioVersion = 17.6.33829.357
MinimumVisualStudioVersion = 10.0.40219.1
Project("{FAE04EC0-301F-11D3-BF4B-00C04F79EFBC}") = "2lab1_2", "2lab1_2\2lab1_2.csproj", "{EC5C4BEE-1263-4009-B781-7D3C2F1BC471}"
EndProject
Global
	GlobalSection(SolutionConfigurationPlatforms) = preSolution
		Debug|Any CPU = Debug|Any CPU
		Release|Any CPU = Release|Any CPU
	EndGlobalSection
	GlobalSection(ProjectConfigurationPlatforms) = postSolution
		{EC5C4BEE-1263-4009-B781-7D3C2F1BC471}.Debug|Any CPU.ActiveCfg = Debug|Any CPU
		{EC5C4BEE-1263-4009-B781-7D3C2F1BC471}.Debug|Any CPU.Build.0 = Debug|Any CPU
		{EC5C4BEE-1263-4009-B781-7D3C2F1BC471}.Release|Any CPU.ActiveCfg = Release|Any CPU
		{EC5C4BEE-1263-4009-B781-7D3C2F1BC471}.Release|Any CPU.Build.0 = Release|Any CPU
	EndGlobalSection
	GlobalSection(SolutionProperties) = preSolution
		HideSolutionNode = FALSE
	EndGlobalSection
	GlobalSection(ExtensibilityGlobals) = postSolution
		SolutionGuid = {53801BC5-AA39-44F4-A6AD-324DE1A16F9E}
	EndGlobalSection
EndGlobal
