
Microsoft Visual Studio Solution File, Format Version 12.00
# Visual Studio Version 17
VisualStudioVersion = 17.5.33414.496
MinimumVisualStudioVersion = 10.0.40219.1
Project("{FAE04EC0-301F-11D3-BF4B-00C04F79EFBC}") = "lb7", "lb7\lb7.csproj", "{03546024-A078-4EA3-919E-21FADCD56529}"
EndProject
Global
	GlobalSection(SolutionConfigurationPlatforms) = preSolution
		Debug|Any CPU = Debug|Any CPU
		Release|Any CPU = Release|Any CPU
	EndGlobalSection
	GlobalSection(ProjectConfigurationPlatforms) = postSolution
		{03546024-A078-4EA3-919E-21FADCD56529}.Debug|Any CPU.ActiveCfg = Debug|Any CPU
		{03546024-A078-4EA3-919E-21FADCD56529}.Debug|Any CPU.Build.0 = Debug|Any CPU
		{03546024-A078-4EA3-919E-21FADCD56529}.Release|Any CPU.ActiveCfg = Release|Any CPU
		{03546024-A078-4EA3-919E-21FADCD56529}.Release|Any CPU.Build.0 = Release|Any CPU
	EndGlobalSection
	GlobalSection(SolutionProperties) = preSolution
		HideSolutionNode = FALSE
	EndGlobalSection
	GlobalSection(ExtensibilityGlobals) = postSolution
		SolutionGuid = {446CFB0A-268D-44BF-8FC4-019D93CB25F8}
	EndGlobalSection
EndGlobal
