
Microsoft Visual Studio Solution File, Format Version 12.00
# Visual Studio Version 17
VisualStudioVersion = 17.6.33829.357
MinimumVisualStudioVersion = 10.0.40219.1
Project("{FAE04EC0-301F-11D3-BF4B-00C04F79EFBC}") = "WebTechLabs", "WebTechLabs\WebTechLabs.csproj", "{CE67206C-5F96-4A8C-BF95-6C28BCE0EA51}"
EndProject
Global
	GlobalSection(SolutionConfigurationPlatforms) = preSolution
		Debug|Any CPU = Debug|Any CPU
		Release|Any CPU = Release|Any CPU
	EndGlobalSection
	GlobalSection(ProjectConfigurationPlatforms) = postSolution
		{CE67206C-5F96-4A8C-BF95-6C28BCE0EA51}.Debug|Any CPU.ActiveCfg = Debug|Any CPU
		{CE67206C-5F96-4A8C-BF95-6C28BCE0EA51}.Debug|Any CPU.Build.0 = Debug|Any CPU
		{CE67206C-5F96-4A8C-BF95-6C28BCE0EA51}.Release|Any CPU.ActiveCfg = Release|Any CPU
		{CE67206C-5F96-4A8C-BF95-6C28BCE0EA51}.Release|Any CPU.Build.0 = Release|Any CPU
	EndGlobalSection
	GlobalSection(SolutionProperties) = preSolution
		HideSolutionNode = FALSE
	EndGlobalSection
	GlobalSection(ExtensibilityGlobals) = postSolution
		SolutionGuid = {3AD4511D-3D5C-4317-9828-43C082DF0143}
	EndGlobalSection
EndGlobal
